
Microsoft Visual Studio Solution File, Format Version 12.00
# Visual Studio Version 17
VisualStudioVersion = 17.6.33723.286
MinimumVisualStudioVersion = 10.0.40219.1
Project("{FAE04EC0-301F-11D3-BF4B-00C04F79EFBC}") = "Sport_Lend", "Sport_Lend.csproj", "{5A5FDE5D-FD52-4DF7-A890-B09F61FDDBF6}"
EndProject
Global
	GlobalSection(SolutionConfigurationPlatforms) = preSolution
		Debug|Any CPU = Debug|Any CPU
		Release|Any CPU = Release|Any CPU
	EndGlobalSection
	GlobalSection(ProjectConfigurationPlatforms) = postSolution
		{5A5FDE5D-FD52-4DF7-A890-B09F61FDDBF6}.Debug|Any CPU.ActiveCfg = Debug|Any CPU
		{5A5FDE5D-FD52-4DF7-A890-B09F61FDDBF6}.Debug|Any CPU.Build.0 = Debug|Any CPU
		{5A5FDE5D-FD52-4DF7-A890-B09F61FDDBF6}.Release|Any CPU.ActiveCfg = Release|Any CPU
		{5A5FDE5D-FD52-4DF7-A890-B09F61FDDBF6}.Release|Any CPU.Build.0 = Release|Any CPU
	EndGlobalSection
	GlobalSection(SolutionProperties) = preSolution
		HideSolutionNode = FALSE
	EndGlobalSection
	GlobalSection(ExtensibilityGlobals) = postSolution
		SolutionGuid = {64897BA7-425C-46DF-9947-7F0D7A31F354}
	EndGlobalSection
EndGlobal
